
Microsoft Visual Studio Solution File, Format Version 12.00
# Visual Studio Version 17
VisualStudioVersion = 17.3.32922.545
MinimumVisualStudioVersion = 10.0.40219.1
Project("{FAE04EC0-301F-11D3-BF4B-00C04F79EFBC}") = "Lab3_35", "Lab3_35\Lab3_35.csproj", "{969E9434-8860-428E-AA6E-1F143A3D328B}"
EndProject
Global
	GlobalSection(SolutionConfigurationPlatforms) = preSolution
		Debug|Any CPU = Debug|Any CPU
		Release|Any CPU = Release|Any CPU
	EndGlobalSection
	GlobalSection(ProjectConfigurationPlatforms) = postSolution
		{969E9434-8860-428E-AA6E-1F143A3D328B}.Debug|Any CPU.ActiveCfg = Debug|Any CPU
		{969E9434-8860-428E-AA6E-1F143A3D328B}.Debug|Any CPU.Build.0 = Debug|Any CPU
		{969E9434-8860-428E-AA6E-1F143A3D328B}.Release|Any CPU.ActiveCfg = Release|Any CPU
		{969E9434-8860-428E-AA6E-1F143A3D328B}.Release|Any CPU.Build.0 = Release|Any CPU
	EndGlobalSection
	GlobalSection(SolutionProperties) = preSolution
		HideSolutionNode = FALSE
	EndGlobalSection
	GlobalSection(ExtensibilityGlobals) = postSolution
		SolutionGuid = {7CD8044D-7D4C-4D28-A9B0-65F5527E181A}
	EndGlobalSection
EndGlobal
